
Microsoft Visual Studio Solution File, Format Version 12.00
# Visual Studio Version 17
VisualStudioVersion = 17.1.32328.378
MinimumVisualStudioVersion = 10.0.40219.1
Project("{8BC9CEB8-8B4A-11D0-8D11-00A0C91BC942}") = "ConsoleApplication1 get", "ConsoleApplication1 get.vcxproj", "{E2DF7595-5BF9-4D97-86D6-6D2DAE24EF2E}"
EndProject
Global
	GlobalSection(SolutionConfigurationPlatforms) = preSolution
		Debug|x64 = Debug|x64
		Debug|x86 = Debug|x86
		Release|x64 = Release|x64
		Release|x86 = Release|x86
	EndGlobalSection
	GlobalSection(ProjectConfigurationPlatforms) = postSolution
		{E2DF7595-5BF9-4D97-86D6-6D2DAE24EF2E}.Debug|x64.ActiveCfg = Debug|x64
		{E2DF7595-5BF9-4D97-86D6-6D2DAE24EF2E}.Debug|x64.Build.0 = Debug|x64
		{E2DF7595-5BF9-4D97-86D6-6D2DAE24EF2E}.Debug|x86.ActiveCfg = Debug|Win32
		{E2DF7595-5BF9-4D97-86D6-6D2DAE24EF2E}.Debug|x86.Build.0 = Debug|Win32
		{E2DF7595-5BF9-4D97-86D6-6D2DAE24EF2E}.Release|x64.ActiveCfg = Release|x64
		{E2DF7595-5BF9-4D97-86D6-6D2DAE24EF2E}.Release|x64.Build.0 = Release|x64
		{E2DF7595-5BF9-4D97-86D6-6D2DAE24EF2E}.Release|x86.ActiveCfg = Release|Win32
		{E2DF7595-5BF9-4D97-86D6-6D2DAE24EF2E}.Release|x86.Build.0 = Release|Win32
	EndGlobalSection
	GlobalSection(SolutionProperties) = preSolution
		HideSolutionNode = FALSE
	EndGlobalSection
	GlobalSection(ExtensibilityGlobals) = postSolution
		SolutionGuid = {8DA2DAB2-2111-4B1A-A566-63B4DE452491}
	EndGlobalSection
EndGlobal
